// !$*UTF8*$!
{
	archiveVersion = 1;
	classes = {
	};
	objectVersion = 56;
	objects = {

/* Begin PBXBuildFile section */
		66E181692A9CDEBF009D4EF0 /* FirstXcodeApp.swift in Sources */ = {isa = PBXBuildFile; fileRef = 66E181682A9CDEBF009D4EF0 /* FirstXcodeApp.swift */; };
		66E1816B2A9CDEBF009D4EF0 /* ContentView.swift in Sources */ = {isa = PBXBuildFile; fileRef = 66E1816A2A9CDEBF009D4EF0 /* ContentView.swift */; };
		66E1816D2A9CDEBF009D4EF0 /* Assets.xcassets in Resources */ = {isa = PBXBuildFile; fileRef = 66E1816C2A9CDEBF009D4EF0 /* Assets.xcassets */; };
		66E181702A9CDEBF009D4EF0 /* Preview Assets.xcassets in Resources */ = {isa = PBXBuildFile; fileRef = 66E1816F2A9CDEBF009D4EF0 /* Preview Assets.xcassets */; };
		66E1817A2A9CDEBF009D4EF0 /* FirstXcodeTests.swift in Sources */ = {isa = PBXBuildFile; fileRef = 66E181792A9CDEBF009D4EF0 /* FirstXcodeTests.swift */; };
		66E181842A9CDEBF009D4EF0 /* FirstXcodeUITests.swift in Sources */ = {isa = PBXBuildFile; fileRef = 66E181832A9CDEBF009D4EF0 /* FirstXcodeUITests.swift */; };
		66E181862A9CDEBF009D4EF0 /* FirstXcodeUITestsLaunchTests.swift in Sources */ = {isa = PBXBuildFile; fileRef = 66E181852A9CDEBF009D4EF0 /* FirstXcodeUITestsLaunchTests.swift */; };
/* End PBXBuildFile section */

/* Begin PBXContainerItemProxy section */
		66E181762A9CDEBF009D4EF0 /* PBXContainerItemProxy */ = {
			isa = PBXContainerItemProxy;
			containerPortal = 66E1815D2A9CDEBF009D4EF0 /* Project object */;
			proxyType = 1;
			remoteGlobalIDString = 66E181642A9CDEBF009D4EF0;
			remoteInfo = FirstXcode;
		};
		66E181802A9CDEBF009D4EF0 /* PBXContainerItemProxy */ = {
			isa = PBXContainerItemProxy;
			containerPortal = 66E1815D2A9CDEBF009D4EF0 /* Project object */;
			proxyType = 1;
			remoteGlobalIDString = 66E181642A9CDEBF009D4EF0;
			remoteInfo = FirstXcode;
		};
/* End PBXContainerItemProxy section */

/* Begin PBXFileReference section */
		66E181652A9CDEBF009D4EF0 /* FirstXcode.app */ = {isa = PBXFileReference; explicitFileType = wrapper.application; includeInIndex = 0; path = FirstXcode.app; sourceTree = BUILT_PRODUCTS_DIR; };
		66E181682A9CDEBF009D4EF0 /* FirstXcodeApp.swift */ = {isa = PBXFileReference; lastKnownFileType = sourcecode.swift; path = FirstXcodeApp.swift; sourceTree = "<group>"; };
		66E1816A2A9CDEBF009D4EF0 /* ContentView.swift */ = {isa = PBXFileReference; lastKnownFileType = sourcecode.swift; path = ContentView.swift; sourceTree = "<group>"; };
		66E1816C2A9CDEBF009D4EF0 /* Assets.xcassets */ = {isa = PBXFileReference; lastKnownFileType = folder.assetcatalog; path = Assets.xcassets; sourceTree = "<group>"; };
		66E1816F2A9CDEBF009D4EF0 /* Preview Assets.xcassets */ = {isa = PBXFileReference; lastKnownFileType = folder.assetcatalog; path = "Preview Assets.xcassets"; sourceTree = "<group>"; };
		66E181752A9CDEBF009D4EF0 /* FirstXcodeTests.xctest */ = {isa = PBXFileReference; explicitFileType = wrapper.cfbundle; includeInIndex = 0; path = FirstXcodeTests.xctest; sourceTree = BUILT_PRODUCTS_DIR; };
		66E181792A9CDEBF009D4EF0 /* FirstXcodeTests.swift */ = {isa = PBXFileReference; lastKnownFileType = sourcecode.swift; path = FirstXcodeTests.swift; sourceTree = "<group>"; };
		66E1817F2A9CDEBF009D4EF0 /* FirstXcodeUITests.xctest */ = {isa = PBXFileReference; explicitFileType = wrapper.cfbundle; includeInIndex = 0; path = FirstXcodeUITests.xctest; sourceTree = BUILT_PRODUCTS_DIR; };
		66E181832A9CDEBF009D4EF0 /* FirstXcodeUITests.swift */ = {isa = PBXFileReference; lastKnownFileType = sourcecode.swift; path = FirstXcodeUITests.swift; sourceTree = "<group>"; };
		66E181852A9CDEBF009D4EF0 /* FirstXcodeUITestsLaunchTests.swift */ = {isa = PBXFileReference; lastKnownFileType = sourcecode.swift; path = FirstXcodeUITestsLaunchTests.swift; sourceTree = "<group>"; };
/* End PBXFileReference section */

/* Begin PBXFrameworksBuildPhase section */
		66E181622A9CDEBF009D4EF0 /* Frameworks */ = {
			isa = PBXFrameworksBuildPhase;
			buildActionMask = 2147483647;
			files = (
			);
			runOnlyForDeploymentPostprocessing = 0;
		};
		66E181722A9CDEBF009D4EF0 /* Frameworks */ = {
			isa = PBXFrameworksBuildPhase;
			buildActionMask = 2147483647;
			files = (
			);
			runOnlyForDeploymentPostprocessing = 0;
		};
		66E1817C2A9CDEBF009D4EF0 /* Frameworks */ = {
			isa = PBXFrameworksBuildPhase;
			buildActionMask = 2147483647;
			files = (
			);
			runOnlyForDeploymentPostprocessing = 0;
		};
/* End PBXFrameworksBuildPhase section */

/* Begin PBXGroup section */
		66E1815C2A9CDEBF009D4EF0 = {
			isa = PBXGroup;
			children = (
				66E181672A9CDEBF009D4EF0 /* FirstXcode */,
				66E181782A9CDEBF009D4EF0 /* FirstXcodeTests */,
				66E181822A9CDEBF009D4EF0 /* FirstXcodeUITests */,
				66E181662A9CDEBF009D4EF0 /* Products */,
			);
			sourceTree = "<group>";
		};
		66E181662A9CDEBF009D4EF0 /* Products */ = {
			isa = PBXGroup;
			children = (
				66E181652A9CDEBF009D4EF0 /* FirstXcode.app */,
				66E181752A9CDEBF009D4EF0 /* FirstXcodeTests.xctest */,
				66E1817F2A9CDEBF009D4EF0 /* FirstXcodeUITests.xctest */,
			);
			name = Products;
			sourceTree = "<group>";
		};
		66E181672A9CDEBF009D4EF0 /* FirstXcode */ = {
			isa = PBXGroup;
			children = (
				66E181682A9CDEBF009D4EF0 /* FirstXcodeApp.swift */,
				66E1816A2A9CDEBF009D4EF0 /* ContentView.swift */,
				66E1816C2A9CDEBF009D4EF0 /* Assets.xcassets */,
				66E1816E2A9CDEBF009D4EF0 /* Preview Content */,
			);
			path = FirstXcode;
			sourceTree = "<group>";
		};
		66E1816E2A9CDEBF009D4EF0 /* Preview Content */ = {
			isa = PBXGroup;
			children = (
				66E1816F2A9CDEBF009D4EF0 /* Preview Assets.xcassets */,
			);
			path = "Preview Content";
			sourceTree = "<group>";
		};
		66E181782A9CDEBF009D4EF0 /* FirstXcodeTests */ = {
			isa = PBXGroup;
			children = (
				66E181792A9CDEBF009D4EF0 /* FirstXcodeTests.swift */,
			);
			path = FirstXcodeTests;
			sourceTree = "<group>";
		};
		66E181822A9CDEBF009D4EF0 /* FirstXcodeUITests */ = {
			isa = PBXGroup;
			children = (
				66E181832A9CDEBF009D4EF0 /* FirstXcodeUITests.swift */,
				66E181852A9CDEBF009D4EF0 /* FirstXcodeUITestsLaunchTests.swift */,
			);
			path = FirstXcodeUITests;
			sourceTree = "<group>";
		};
/* End PBXGroup section */

/* Begin PBXNativeTarget section */
		66E181642A9CDEBF009D4EF0 /* FirstXcode */ = {
			isa = PBXNativeTarget;
			buildConfigurationList = 66E181892A9CDEBF009D4EF0 /* Build configuration list for PBXNativeTarget "FirstXcode" */;
			buildPhases = (
				66E181612A9CDEBF009D4EF0 /* Sources */,
				66E181622A9CDEBF009D4EF0 /* Frameworks */,
				66E181632A9CDEBF009D4EF0 /* Resources */,
			);
			buildRules = (
			);
			dependencies = (
			);
			name = FirstXcode;
			productName = FirstXcode;
			productReference = 66E181652A9CDEBF009D4EF0 /* FirstXcode.app */;
			productType = "com.apple.product-type.application";
		};
		66E181742A9CDEBF009D4EF0 /* FirstXcodeTests */ = {
			isa = PBXNativeTarget;
			buildConfigurationList = 66E1818C2A9CDEBF009D4EF0 /* Build configuration list for PBXNativeTarget "FirstXcodeTests" */;
			buildPhases = (
				66E181712A9CDEBF009D4EF0 /* Sources */,
				66E181722A9CDEBF009D4EF0 /* Frameworks */,
				66E181732A9CDEBF009D4EF0 /* Resources */,
			);
			buildRules = (
			);
			dependencies = (
				66E181772A9CDEBF009D4EF0 /* PBXTargetDependency */,
			);
			name = FirstXcodeTests;
			productName = FirstXcodeTests;
			productReference = 66E181752A9CDEBF009D4EF0 /* FirstXcodeTests.xctest */;
			productType = "com.apple.product-type.bundle.unit-test";
		};
		66E1817E2A9CDEBF009D4EF0 /* FirstXcodeUITests */ = {
			isa = PBXNativeTarget;
			buildConfigurationList = 66E1818F2A9CDEBF009D4EF0 /* Build configuration list for PBXNativeTarget "FirstXcodeUITests" */;
			buildPhases = (
				66E1817B2A9CDEBF009D4EF0 /* Sources */,
				66E1817C2A9CDEBF009D4EF0 /* Frameworks */,
				66E1817D2A9CDEBF009D4EF0 /* Resources */,
			);
			buildRules = (
			);
			dependencies = (
				66E181812A9CDEBF009D4EF0 /* PBXTargetDependency */,
			);
			name = FirstXcodeUITests;
			productName = FirstXcodeUITests;
			productReference = 66E1817F2A9CDEBF009D4EF0 /* FirstXcodeUITests.xctest */;
			productType = "com.apple.product-type.bundle.ui-testing";
		};
/* End PBXNativeTarget section */

/* Begin PBXProject section */
		66E1815D2A9CDEBF009D4EF0 /* Project object */ = {
			isa = PBXProject;
			attributes = {
				BuildIndependentTargetsInParallel = 1;
				LastSwiftUpdateCheck = 1430;
				LastUpgradeCheck = 1430;
				TargetAttributes = {
					66E181642A9CDEBF009D4EF0 = {
						CreatedOnToolsVersion = 14.3.1;
					};
					66E181742A9CDEBF009D4EF0 = {
						CreatedOnToolsVersion = 14.3.1;
						TestTargetID = 66E181642A9CDEBF009D4EF0;
					};
					66E1817E2A9CDEBF009D4EF0 = {
						CreatedOnToolsVersion = 14.3.1;
						TestTargetID = 66E181642A9CDEBF009D4EF0;
					};
				};
			};
			buildConfigurationList = 66E181602A9CDEBF009D4EF0 /* Build configuration list for PBXProject "FirstXcode" */;
			compatibilityVersion = "Xcode 14.0";
			developmentRegion = en;
			hasScannedForEncodings = 0;
			knownRegions = (
				en,
				Base,
			);
			mainGroup = 66E1815C2A9CDEBF009D4EF0;
			productRefGroup = 66E181662A9CDEBF009D4EF0 /* Products */;
			projectDirPath = "";
			projectRoot = "";
			targets = (
				66E181642A9CDEBF009D4EF0 /* FirstXcode */,
				66E181742A9CDEBF009D4EF0 /* FirstXcodeTests */,
				66E1817E2A9CDEBF009D4EF0 /* FirstXcodeUITests */,
			);
		};
/* End PBXProject section */

/* Begin PBXResourcesBuildPhase section */
		66E181632A9CDEBF009D4EF0 /* Resources */ = {
			isa = PBXResourcesBuildPhase;
			buildActionMask = 2147483647;
			files = (
				66E181702A9CDEBF009D4EF0 /* Preview Assets.xcassets in Resources */,
				66E1816D2A9CDEBF009D4EF0 /* Assets.xcassets in Resources */,
			);
			runOnlyForDeploymentPostprocessing = 0;
		};
		66E181732A9CDEBF009D4EF0 /* Resources */ = {
			isa = PBXResourcesBuildPhase;
			buildActionMask = 2147483647;
			files = (
			);
			runOnlyForDeploymentPostprocessing = 0;
		};
		66E1817D2A9CDEBF009D4EF0 /* Resources */ = {
			isa = PBXResourcesBuildPhase;
			buildActionMask = 2147483647;
			files = (
			);
			runOnlyForDeploymentPostprocessing = 0;
		};
/* End PBXResourcesBuildPhase section */

/* Begin PBXSourcesBuildPhase section */
		66E181612A9CDEBF009D4EF0 /* Sources */ = {
			isa = PBXSourcesBuildPhase;
			buildActionMask = 2147483647;
			files = (
				66E1816B2A9CDEBF009D4EF0 /* ContentView.swift in Sources */,
				66E181692A9CDEBF009D4EF0 /* FirstXcodeApp.swift in Sources */,
			);
			runOnlyForDeploymentPostprocessing = 0;
		};
		66E181712A9CDEBF009D4EF0 /* Sources */ = {
			isa = PBXSourcesBuildPhase;
			buildActionMask = 2147483647;
			files = (
				66E1817A2A9CDEBF009D4EF0 /* FirstXcodeTests.swift in Sources */,
			);
			runOnlyForDeploymentPostprocessing = 0;
		};
		66E1817B2A9CDEBF009D4EF0 /* Sources */ = {
			isa = PBXSourcesBuildPhase;
			buildActionMask = 2147483647;
			files = (
				66E181842A9CDEBF009D4EF0 /* FirstXcodeUITests.swift in Sources */,
				66E181862A9CDEBF009D4EF0 /* FirstXcodeUITestsLaunchTests.swift in Sources */,
			);
			runOnlyForDeploymentPostprocessing = 0;
		};
/* End PBXSourcesBuildPhase section */

/* Begin PBXTargetDependency section */
		66E181772A9CDEBF009D4EF0 /* PBXTargetDependency */ = {
			isa = PBXTargetDependency;
			target = 66E181642A9CDEBF009D4EF0 /* FirstXcode */;
			targetProxy = 66E181762A9CDEBF009D4EF0 /* PBXContainerItemProxy */;
		};
		66E181812A9CDEBF009D4EF0 /* PBXTargetDependency */ = {
			isa = PBXTargetDependency;
			target = 66E181642A9CDEBF009D4EF0 /* FirstXcode */;
			targetProxy = 66E181802A9CDEBF009D4EF0 /* PBXContainerItemProxy */;
		};
/* End PBXTargetDependency section */

/* Begin XCBuildConfiguration section */
		66E181872A9CDEBF009D4EF0 /* Debug */ = {
			isa = XCBuildConfiguration;
			buildSettings = {
				ALWAYS_SEARCH_USER_PATHS = NO;
				CLANG_ANALYZER_NONNULL = YES;
				CLANG_ANALYZER_NUMBER_OBJECT_CONVERSION = YES_AGGRESSIVE;
				CLANG_CXX_LANGUAGE_STANDARD = "gnu++20";
				CLANG_ENABLE_MODULES = YES;
				CLANG_ENABLE_OBJC_ARC = YES;
				CLANG_ENABLE_OBJC_WEAK = YES;
				CLANG_WARN_BLOCK_CAPTURE_AUTORELEASING = YES;
				CLANG_WARN_BOOL_CONVERSION = YES;
				CLANG_WARN_COMMA = YES;
				CLANG_WARN_CONSTANT_CONVERSION = YES;
				CLANG_WARN_DEPRECATED_OBJC_IMPLEMENTATIONS = YES;
				CLANG_WARN_DIRECT_OBJC_ISA_USAGE = YES_ERROR;
				CLANG_WARN_DOCUMENTATION_COMMENTS = YES;
				CLANG_WARN_EMPTY_BODY = YES;
				CLANG_WARN_ENUM_CONVERSION = YES;
				CLANG_WARN_INFINITE_RECURSION = YES;
				CLANG_WARN_INT_CONVERSION = YES;
				CLANG_WARN_NON_LITERAL_NULL_CONVERSION = YES;
				CLANG_WARN_OBJC_IMPLICIT_RETAIN_SELF = YES;
				CLANG_WARN_OBJC_LITERAL_CONVERSION = YES;
				CLANG_WARN_OBJC_ROOT_CLASS = YES_ERROR;
				CLANG_WARN_QUOTED_INCLUDE_IN_FRAMEWORK_HEADER = YES;
				CLANG_WARN_RANGE_LOOP_ANALYSIS = YES;
				CLANG_WARN_STRICT_PROTOTYPES = YES;
				CLANG_WARN_SUSPICIOUS_MOVE = YES;
				CLANG_WARN_UNGUARDED_AVAILABILITY = YES_AGGRESSIVE;
				CLANG_WARN_UNREACHABLE_CODE = YES;
				CLANG_WARN__DUPLICATE_METHOD_MATCH = YES;
				COPY_PHASE_STRIP = NO;
				DEBUG_INFORMATION_FORMAT = dwarf;
				ENABLE_STRICT_OBJC_MSGSEND = YES;
				ENABLE_TESTABILITY = YES;
				GCC_C_LANGUAGE_STANDARD = gnu11;
				GCC_DYNAMIC_NO_PIC = NO;
				GCC_NO_COMMON_BLOCKS = YES;
				GCC_OPTIMIZATION_LEVEL = 0;
				GCC_PREPROCESSOR_DEFINITIONS = (
					"DEBUG=1",
					"$(inherited)",
				);
				GCC_WARN_64_TO_32_BIT_CONVERSION = YES;
				GCC_WARN_ABOUT_RETURN_TYPE = YES_ERROR;
				GCC_WARN_UNDECLARED_SELECTOR = YES;
				GCC_WARN_UNINITIALIZED_AUTOS = YES_AGGRESSIVE;
				GCC_WARN_UNUSED_FUNCTION = YES;
				GCC_WARN_UNUSED_VARIABLE = YES;
				IPHONEOS_DEPLOYMENT_TARGET = 16.4;
				MTL_ENABLE_DEBUG_INFO = INCLUDE_SOURCE;
				MTL_FAST_MATH = YES;
				ONLY_ACTIVE_ARCH = YES;
				SDKROOT = iphoneos;
				SWIFT_ACTIVE_COMPILATION_CONDITIONS = DEBUG;
				SWIFT_OPTIMIZATION_LEVEL = "-Onone";
			};
			name = Debug;
		};
		66E181882A9CDEBF009D4EF0 /* Release */ = {
			isa = XCBuildConfiguration;
			buildSettings = {
				ALWAYS_SEARCH_USER_PATHS = NO;
				CLANG_ANALYZER_NONNULL = YES;
				CLANG_ANALYZER_NUMBER_OBJECT_CONVERSION = YES_AGGRESSIVE;
				CLANG_CXX_LANGUAGE_STANDARD = "gnu++20";
				CLANG_ENABLE_MODULES = YES;
				CLANG_ENABLE_OBJC_ARC = YES;
				CLANG_ENABLE_OBJC_WEAK = YES;
				CLANG_WARN_BLOCK_CAPTURE_AUTORELEASING = YES;
				CLANG_WARN_BOOL_CONVERSION = YES;
				CLANG_WARN_COMMA = YES;
				CLANG_WARN_CONSTANT_CONVERSION = YES;
				CLANG_WARN_DEPRECATED_OBJC_IMPLEMENTATIONS = YES;
				CLANG_WARN_DIRECT_OBJC_ISA_USAGE = YES_ERROR;
				CLANG_WARN_DOCUMENTATION_COMMENTS = YES;
				CLANG_WARN_EMPTY_BODY = YES;
				CLANG_WARN_ENUM_CONVERSION = YES;
				CLANG_WARN_INFINITE_RECURSION = YES;
				CLANG_WARN_INT_CONVERSION = YES;
				CLANG_WARN_NON_LITERAL_NULL_CONVERSION = YES;
				CLANG_WARN_OBJC_IMPLICIT_RETAIN_SELF = YES;
				CLANG_WARN_OBJC_LITERAL_CONVERSION = YES;
				CLANG_WARN_OBJC_ROOT_CLASS = YES_ERROR;
				CLANG_WARN_QUOTED_INCLUDE_IN_FRAMEWORK_HEADER = YES;
				CLANG_WARN_RANGE_LOOP_ANALYSIS = YES;
				CLANG_WARN_STRICT_PROTOTYPES = YES;
				CLANG_WARN_SUSPICIOUS_MOVE = YES;
				CLANG_WARN_UNGUARDED_AVAILABILITY = YES_AGGRESSIVE;
				CLANG_WARN_UNREACHABLE_CODE = YES;
				CLANG_WARN__DUPLICATE_METHOD_MATCH = YES;
				COPY_PHASE_STRIP = NO;
				DEBUG_INFORMATION_FORMAT = "dwarf-with-dsym";
				ENABLE_NS_ASSERTIONS = NO;
				ENABLE_STRICT_OBJC_MSGSEND = YES;
				GCC_C_LANGUAGE_STANDARD = gnu11;
				GCC_NO_COMMON_BLOCKS = YES;
				GCC_WARN_64_TO_32_BIT_CONVERSION = YES;
				GCC_WARN_ABOUT_RETURN_TYPE = YES_ERROR;
				GCC_WARN_UNDECLARED_SELECTOR = YES;
				GCC_WARN_UNINITIALIZED_AUTOS = YES_AGGRESSIVE;
				GCC_WARN_UNUSED_FUNCTION = YES;
				GCC_WARN_UNUSED_VARIABLE = YES;
				IPHONEOS_DEPLOYMENT_TARGET = 16.4;
				MTL_ENABLE_DEBUG_INFO = NO;
				MTL_FAST_MATH = YES;
				SDKROOT = iphoneos;
				SWIFT_COMPILATION_MODE = wholemodule;
				SWIFT_OPTIMIZATION_LEVEL = "-O";
				VALIDATE_PRODUCT = YES;
			};
			name = Release;
		};
		66E1818A2A9CDEBF009D4EF0 /* Debug */ = {
			isa = XCBuildConfiguration;
			buildSettings = {
				ASSETCATALOG_COMPILER_APPICON_NAME = AppIcon;
				ASSETCATALOG_COMPILER_GLOBAL_ACCENT_COLOR_NAME = AccentColor;
				CODE_SIGN_STYLE = Automatic;
				CURRENT_PROJECT_VERSION = 1;
				DEVELOPMENT_ASSET_PATHS = "\"FirstXcode/Preview Content\"";
				ENABLE_PREVIEWS = YES;
				GENERATE_INFOPLIST_FILE = YES;
				INFOPLIST_KEY_UIApplicationSceneManifest_Generation = YES;
				INFOPLIST_KEY_UIApplicationSupportsIndirectInputEvents = YES;
				INFOPLIST_KEY_UILaunchScreen_Generation = YES;
				INFOPLIST_KEY_UISupportedInterfaceOrientations_iPad = "UIInterfaceOrientationPortrait UIInterfaceOrientationPortraitUpsideDown UIInterfaceOrientationLandscapeLeft UIInterfaceOrientationLandscapeRight";
				INFOPLIST_KEY_UISupportedInterfaceOrientations_iPhone = "UIInterfaceOrientationPortrait UIInterfaceOrientationLandscapeLeft UIInterfaceOrientationLandscapeRight";
				LD_RUNPATH_SEARCH_PATHS = (
					"$(inherited)",
					"@executable_path/Frameworks",
				);
				MARKETING_VERSION = 1.0;
				PRODUCT_BUNDLE_IDENTIFIER = Mt.FirstXcode;
				PRODUCT_NAME = "$(TARGET_NAME)";
				SWIFT_EMIT_LOC_STRINGS = YES;
				SWIFT_VERSION = 5.0;
				TARGETED_DEVICE_FAMILY = "1,2";
			};
			name = Debug;
		};
		66E1818B2A9CDEBF009D4EF0 /* Release */ = {
			isa = XCBuildConfiguration;
			buildSettings = {
				ASSETCATALOG_COMPILER_APPICON_NAME = AppIcon;
				ASSETCATALOG_COMPILER_GLOBAL_ACCENT_COLOR_NAME = AccentColor;
				CODE_SIGN_STYLE = Automatic;
				CURRENT_PROJECT_VERSION = 1;
				DEVELOPMENT_ASSET_PATHS = "\"FirstXcode/Preview Content\"";
				ENABLE_PREVIEWS = YES;
				GENERATE_INFOPLIST_FILE = YES;
				INFOPLIST_KEY_UIApplicationSceneManifest_Generation = YES;
				INFOPLIST_KEY_UIApplicationSupportsIndirectInputEvents = YES;
				INFOPLIST_KEY_UILaunchScreen_Generation = YES;
				INFOPLIST_KEY_UISupportedInterfaceOrientations_iPad = "UIInterfaceOrientationPortrait UIInterfaceOrientationPortraitUpsideDown UIInterfaceOrientationLandscapeLeft UIInterfaceOrientationLandscapeRight";
				INFOPLIST_KEY_UISupportedInterfaceOrientations_iPhone = "UIInterfaceOrientationPortrait UIInterfaceOrientationLandscapeLeft UIInterfaceOrientationLandscapeRight";
				LD_RUNPATH_SEARCH_PATHS = (
					"$(inherited)",
					"@executable_path/Frameworks",
				);
				MARKETING_VERSION = 1.0;
				PRODUCT_BUNDLE_IDENTIFIER = Mt.FirstXcode;
				PRODUCT_NAME = "$(TARGET_NAME)";
				SWIFT_EMIT_LOC_STRINGS = YES;
				SWIFT_VERSION = 5.0;
				TARGETED_DEVICE_FAMILY = "1,2";
			};
			name = Release;
		};
		66E1818D2A9CDEBF009D4EF0 /* Debug */ = {
			isa = XCBuildConfiguration;
			buildSettings = {
				ALWAYS_EMBED_SWIFT_STANDARD_LIBRARIES = YES;
				BUNDLE_LOADER = "$(TEST_HOST)";
				CODE_SIGN_STYLE = Automatic;
				CURRENT_PROJECT_VERSION = 1;
				GENERATE_INFOPLIST_FILE = YES;
				IPHONEOS_DEPLOYMENT_TARGET = 16.4;
				MARKETING_VERSION = 1.0;
				PRODUCT_BUNDLE_IDENTIFIER = Mt.FirstXcodeTests;
				PRODUCT_NAME = "$(TARGET_NAME)";
				SWIFT_EMIT_LOC_STRINGS = NO;
				SWIFT_VERSION = 5.0;
				TARGETED_DEVICE_FAMILY = "1,2";
				TEST_HOST = "$(BUILT_PRODUCTS_DIR)/FirstXcode.app/$(BUNDLE_EXECUTABLE_FOLDER_PATH)/FirstXcode";
			};
			name = Debug;
		};
		66E1818E2A9CDEBF009D4EF0 /* Release */ = {
			isa = XCBuildConfiguration;
			buildSettings = {
				ALWAYS_EMBED_SWIFT_STANDARD_LIBRARIES = YES;
				BUNDLE_LOADER = "$(TEST_HOST)";
				CODE_SIGN_STYLE = Automatic;
				CURRENT_PROJECT_VERSION = 1;
				GENERATE_INFOPLIST_FILE = YES;
				IPHONEOS_DEPLOYMENT_TARGET = 16.4;
				MARKETING_VERSION = 1.0;
				PRODUCT_BUNDLE_IDENTIFIER = Mt.FirstXcodeTests;
				PRODUCT_NAME = "$(TARGET_NAME)";
				SWIFT_EMIT_LOC_STRINGS = NO;
				SWIFT_VERSION = 5.0;
				TARGETED_DEVICE_FAMILY = "1,2";
				TEST_HOST = "$(BUILT_PRODUCTS_DIR)/FirstXcode.app/$(BUNDLE_EXECUTABLE_FOLDER_PATH)/FirstXcode";
			};
			name = Release;
		};
		66E181902A9CDEBF009D4EF0 /* Debug */ = {
			isa = XCBuildConfiguration;
			buildSettings = {
				ALWAYS_EMBED_SWIFT_STANDARD_LIBRARIES = YES;
				CODE_SIGN_STYLE = Automatic;
				CURRENT_PROJECT_VERSION = 1;
				GENERATE_INFOPLIST_FILE = YES;
				MARKETING_VERSION = 1.0;
				PRODUCT_BUNDLE_IDENTIFIER = Mt.FirstXcodeUITests;
				PRODUCT_NAME = "$(TARGET_NAME)";
				SWIFT_EMIT_LOC_STRINGS = NO;
				SWIFT_VERSION = 5.0;
				TARGETED_DEVICE_FAMILY = "1,2";
				TEST_TARGET_NAME = FirstXcode;
			};
			name = Debug;
		};
		66E181912A9CDEBF009D4EF0 /* Release */ = {
			isa = XCBuildConfiguration;
			buildSettings = {
				ALWAYS_EMBED_SWIFT_STANDARD_LIBRARIES = YES;
				CODE_SIGN_STYLE = Automatic;
				CURRENT_PROJECT_VERSION = 1;
				GENERATE_INFOPLIST_FILE = YES;
				MARKETING_VERSION = 1.0;
				PRODUCT_BUNDLE_IDENTIFIER = Mt.FirstXcodeUITests;
				PRODUCT_NAME = "$(TARGET_NAME)";
				SWIFT_EMIT_LOC_STRINGS = NO;
				SWIFT_VERSION = 5.0;
				TARGETED_DEVICE_FAMILY = "1,2";
				TEST_TARGET_NAME = FirstXcode;
			};
			name = Release;
		};
/* End XCBuildConfiguration section */

/* Begin XCConfigurationList section */
		66E181602A9CDEBF009D4EF0 /* Build configuration list for PBXProject "FirstXcode" */ = {
			isa = XCConfigurationList;
			buildConfigurations = (
				66E181872A9CDEBF009D4EF0 /* Debug */,
				66E181882A9CDEBF009D4EF0 /* Release */,
			);
			defaultConfigurationIsVisible = 0;
			defaultConfigurationName = Release;
		};
		66E181892A9CDEBF009D4EF0 /* Build configuration list for PBXNativeTarget "FirstXcode" */ = {
			isa = XCConfigurationList;
			buildConfigurations = (
				66E1818A2A9CDEBF009D4EF0 /* Debug */,
				66E1818B2A9CDEBF009D4EF0 /* Release */,
			);
			defaultConfigurationIsVisible = 0;
			defaultConfigurationName = Release;
		};
		66E1818C2A9CDEBF009D4EF0 /* Build configuration list for PBXNativeTarget "FirstXcodeTests" */ = {
			isa = XCConfigurationList;
			buildConfigurations = (
				66E1818D2A9CDEBF009D4EF0 /* Debug */,
				66E1818E2A9CDEBF009D4EF0 /* Release */,
			);
			defaultConfigurationIsVisible = 0;
			defaultConfigurationName = Release;
		};
		66E1818F2A9CDEBF009D4EF0 /* Build configuration list for PBXNativeTarget "FirstXcodeUITests" */ = {
			isa = XCConfigurationList;
			buildConfigurations = (
				66E181902A9CDEBF009D4EF0 /* Debug */,
				66E181912A9CDEBF009D4EF0 /* Release */,
			);
			defaultConfigurationIsVisible = 0;
			defaultConfigurationName = Release;
		};
/* End XCConfigurationList section */
	};
	rootObject = 66E1815D2A9CDEBF009D4EF0 /* Project object */;
}
